<?xml version="1.0" encoding="utf-8"?>
<Project ToolsVersion="4.0" xmlns="http://schemas.microsoft.com/developer/msbuild/2003">
  <ItemGroup>
    <Filter Include="來源檔案">
      <UniqueIdentifier>{4FC737F1-C7A5-4376-A066-2A32D752A2FF}</UniqueIdentifier>
      <Extensions>cpp;c;cc;cxx;c++;cppm;ixx;def;odl;idl;hpj;bat;asm;asmx</Extensions>
    </Filter>
    <Filter Include="標頭檔">
      <UniqueIdentifier>{93995380-89BD-4b04-88EB-625FBE52EBFB}</UniqueIdentifier>
      <Extensions>h;hh;hpp;hxx;h++;hm;inl;inc;ipp;xsd</Extensions>
    </Filter>
    <Filter Include="資源檔">
      <UniqueIdentifier>{67DA6AB6-F800-4c08-8B7A-83BB121AAD01}</UniqueIdentifier>
      <Extensions>rc;ico;cur;bmp;dlg;rc2;rct;bin;rgs;gif;jpg;jpeg;jpe;resx;tiff;tif;png;wav;mfcribbon-ms</Extensions>
    </Filter>
  </ItemGroup>
  <ItemGroup>
    <ClCompile Include="source\Main.cpp">
      <Filter>來源檔案</Filter>
    </ClCompile>
    <ClCompile Include="ThirdParty\glad\glad.c">
      <Filter>來源檔案</Filter>
    </ClCompile>
    <ClCompile Include="source\pch.cpp">
      <Filter>來源檔案</Filter>
    </ClCompile>
    <ClCompile Include="ThirdParty\stbimpl.cpp">
      <Filter>來源檔案</Filter>
    </ClCompile>
    <ClCompile Include="source\Core\Shader.cpp">
      <Filter>來源檔案</Filter>
    </ClCompile>
    <ClCompile Include="source\Core\Primitives.cpp">
      <Filter>來源檔案</Filter>
    </ClCompile>
    <ClCompile Include="source\Core\Transform.cpp">
      <Filter>來源檔案</Filter>
    </ClCompile>
    <ClCompile Include="source\Core\ShaderManager.cpp">
      <Filter>來源檔案</Filter>
    </ClCompile>
    <ClCompile Include="source\Core\Camera.cpp">
      <Filter>來源檔案</Filter>
    </ClCompile>
    <ClCompile Include="source\Core\InputManager.cpp">
      <Filter>來源檔案</Filter>
    </ClCompile>
    <ClCompile Include="source\Core\Texture.cpp">
      <Filter>來源檔案</Filter>
    </ClCompile>
    <ClCompile Include="source\Core\ResourceManager.cpp">
      <Filter>來源檔案</Filter>
    </ClCompile>
    <ClCompile Include="source\Core\SceneManager.cpp">
      <Filter>來源檔案</Filter>
    </ClCompile>
    <ClCompile Include="ThirdParty\imgui\imgui.cpp">
      <Filter>來源檔案</Filter>
    </ClCompile>
    <ClCompile Include="ThirdParty\imgui\imgui_demo.cpp">
      <Filter>來源檔案</Filter>
    </ClCompile>
    <ClCompile Include="ThirdParty\imgui\imgui_draw.cpp">
      <Filter>來源檔案</Filter>
    </ClCompile>
    <ClCompile Include="ThirdParty\imgui\imgui_impl_opengl3.cpp">
      <Filter>來源檔案</Filter>
    </ClCompile>
    <ClCompile Include="ThirdParty\imgui\imgui_impl_sdl3.cpp">
      <Filter>來源檔案</Filter>
    </ClCompile>
    <ClCompile Include="ThirdParty\imgui\imgui_tables.cpp">
      <Filter>來源檔案</Filter>
    </ClCompile>
    <ClCompile Include="ThirdParty\imgui\imgui_widgets.cpp">
      <Filter>來源檔案</Filter>
    </ClCompile>
    <ClCompile Include="source\Core\Window.cpp">
      <Filter>來源檔案</Filter>
    </ClCompile>
    <ClCompile Include="source\Core\RenderTarget.cpp">
      <Filter>來源檔案</Filter>
    </ClCompile>
    <ClCompile Include="source\Core\Brush3D.cpp">
      <Filter>來源檔案</Filter>
    </ClCompile>
    <ClCompile Include="source\Core\Shape3D.cpp">
      <Filter>來源檔案</Filter>
    </ClCompile>
    <ClCompile Include="source\Core\Ray.cpp">
      <Filter>來源檔案</Filter>
    </ClCompile>
    <ClCompile Include="source\Core\Skybox.cpp">
      <Filter>來源檔案</Filter>
    </ClCompile>
    <ClCompile Include="source\Retree\PointCloud.cpp">
      <Filter>來源檔案</Filter>
    </ClCompile>
    <ClCompile Include="source\Core\FileHelper.cpp">
      <Filter>來源檔案</Filter>
    </ClCompile>
    <ClCompile Include="source\Retree\PosGraph.cpp">
      <Filter>來源檔案</Filter>
    </ClCompile>
    <ClCompile Include="source\Core\MousePicker.cpp">
      <Filter>來源檔案</Filter>
    </ClCompile>
    <ClCompile Include="source\Core\RandomHelper.cpp">
      <Filter>來源檔案</Filter>
    </ClCompile>
    <ClCompile Include="source\Core\Utility.cpp">
      <Filter>來源檔案</Filter>
    </ClCompile>
    <ClCompile Include="source\Retree\Adtree.cpp">
      <Filter>來源檔案</Filter>
    </ClCompile>
    <ClCompile Include="source\Core\EndlessGrid.cpp">
      <Filter>來源檔案</Filter>
    </ClCompile>
    <ClCompile Include="source\Core\GameObject.cpp">
      <Filter>來源檔案</Filter>
    </ClCompile>
    <ClCompile Include="source\Core\AssimpModel.cpp">
      <Filter>來源檔案</Filter>
    </ClCompile>
    <ClCompile Include="source\Core\AssmipMesh.cpp">
      <Filter>來源檔案</Filter>
    </ClCompile>
    <ClCompile Include="source\Core\AssimpObject.cpp">
      <Filter>來源檔案</Filter>
    </ClCompile>
    <ClCompile Include="source\Retree\TreeMeshRenderer.cpp">
      <Filter>來源檔案</Filter>
    </ClCompile>
    <ClCompile Include="source\Retree\TreeMeshBuilder.cpp">
      <Filter>來源檔案</Filter>
    </ClCompile>
    <ClCompile Include="include\Scenes\MainScene.cpp">
      <Filter>來源檔案</Filter>
    </ClCompile>
    <ClCompile Include="source\Retree\Lsystem.cpp">
      <Filter>來源檔案</Filter>
    </ClCompile>
    <ClCompile Include="source\Retree\Turtle.cpp">
      <Filter>來源檔案</Filter>
    </ClCompile>
    <ClCompile Include="source\Retree\Tree.cpp">
      <Filter>來源檔案</Filter>
    </ClCompile>
    <ClCompile Include="source\Retree\PointCloudRenderer.cpp">
      <Filter>來源檔案</Filter>
    </ClCompile>
    <ClCompile Include="source\Retree\TreeSkeletonRenderer.cpp">
      <Filter>來源檔案</Filter>
    </ClCompile>
    <ClCompile Include="source\Retree\SpaceColonizer.cpp">
      <Filter>來源檔案</Filter>
    </ClCompile>
    <ClCompile Include="source\Core\BoxSelector.cpp">
      <Filter>來源檔案</Filter>
    </ClCompile>
    <ClCompile Include="source\Core\Shape2D.cpp">
      <Filter>來源檔案</Filter>
    </ClCompile>
  </ItemGroup>
  <ItemGroup>
    <ClInclude Include="include\Logger.hpp">
      <Filter>標頭檔</Filter>
    </ClInclude>
    <ClInclude Include="include\pch.h">
      <Filter>標頭檔</Filter>
    </ClInclude>
    <ClInclude Include="include\Core\Shader.h">
      <Filter>標頭檔</Filter>
    </ClInclude>
    <ClInclude Include="include\Core\Primitives.h">
      <Filter>標頭檔</Filter>
    </ClInclude>
    <ClInclude Include="include\Core\Transform.h">
      <Filter>標頭檔</Filter>
    </ClInclude>
    <ClInclude Include="include\Core\Camera.h">
      <Filter>標頭檔</Filter>
    </ClInclude>
    <ClInclude Include="include\Core\InputManager.h">
      <Filter>標頭檔</Filter>
    </ClInclude>
    <ClInclude Include="include\Core\Texture.h">
      <Filter>標頭檔</Filter>
    </ClInclude>
    <ClInclude Include="include\Core\Scene.h">
      <Filter>標頭檔</Filter>
    </ClInclude>
    <ClInclude Include="include\Core\ShaderManager.h">
      <Filter>標頭檔</Filter>
    </ClInclude>
    <ClInclude Include="include\Core\ResourceManager.h">
      <Filter>標頭檔</Filter>
    </ClInclude>
    <ClInclude Include="include\Core\SceneManager.h">
      <Filter>標頭檔</Filter>
    </ClInclude>
    <ClInclude Include="include\Core\Window.h">
      <Filter>標頭檔</Filter>
    </ClInclude>
    <ClInclude Include="include\Scenes\Templates\EmptyScene3D.h">
      <Filter>標頭檔</Filter>
    </ClInclude>
    <ClInclude Include="include\Scenes\Templates\EmptySceneVoid.h">
      <Filter>標頭檔</Filter>
    </ClInclude>
    <ClInclude Include="include\Core\RenderTarget.h">
      <Filter>標頭檔</Filter>
    </ClInclude>
    <ClInclude Include="include\Core\Brush3D.h">
      <Filter>標頭檔</Filter>
    </ClInclude>
    <ClInclude Include="include\Core\Shape3D.h">
      <Filter>標頭檔</Filter>
    </ClInclude>
    <ClInclude Include="include\Core\Ray.h">
      <Filter>標頭檔</Filter>
    </ClInclude>
    <ClInclude Include="include\Core\Color.h">
      <Filter>標頭檔</Filter>
    </ClInclude>
    <ClInclude Include="include\Prefabs\Skybox.h">
      <Filter>標頭檔</Filter>
    </ClInclude>
    <ClInclude Include="include\Scenes\MainScene.h">
      <Filter>標頭檔</Filter>
    </ClInclude>
    <ClInclude Include="include\Core\FileHelper.h">
      <Filter>標頭檔</Filter>
    </ClInclude>
    <ClInclude Include="include\ReTree\PointCloud.h">
      <Filter>標頭檔</Filter>
    </ClInclude>
    <ClInclude Include="include\ReTree\PosGraph.h">
      <Filter>標頭檔</Filter>
    </ClInclude>
    <ClInclude Include="include\ReTree\Headers.h">
      <Filter>標頭檔</Filter>
    </ClInclude>
    <ClInclude Include="include\Core\MousePicker.h">
      <Filter>標頭檔</Filter>
    </ClInclude>
    <ClInclude Include="include\Core\RandomHelper.h">
      <Filter>標頭檔</Filter>
    </ClInclude>
    <ClInclude Include="include\Core\Utility.h">
      <Filter>標頭檔</Filter>
    </ClInclude>
    <ClInclude Include="include\ReTree\Adtree.h">
      <Filter>標頭檔</Filter>
    </ClInclude>
    <ClInclude Include="include\ReTree\TreeMeshBuilder.h">
      <Filter>標頭檔</Filter>
    </ClInclude>
    <ClInclude Include="include\Core\GameObject.h">
      <Filter>標頭檔</Filter>
    </ClInclude>
    <ClInclude Include="include\Prefabs\EndlessGrid.h">
      <Filter>標頭檔</Filter>
    </ClInclude>
    <ClInclude Include="include\Core\AssimpModel.h">
      <Filter>標頭檔</Filter>
    </ClInclude>
    <ClInclude Include="include\Core\AssimpMesh.h">
      <Filter>標頭檔</Filter>
    </ClInclude>
    <ClInclude Include="include\Core\AssimpObject.h">
      <Filter>標頭檔</Filter>
    </ClInclude>
    <ClInclude Include="include\Scenes\AsteroidScene.h">
      <Filter>標頭檔</Filter>
    </ClInclude>
    <ClInclude Include="include\Prefabs\Asteroid.h">
      <Filter>標頭檔</Filter>
    </ClInclude>
    <ClInclude Include="include\ReTree\TreeMeshRenderer.h">
      <Filter>標頭檔</Filter>
    </ClInclude>
    <ClInclude Include="include\ReTree\Lsystem.h">
      <Filter>標頭檔</Filter>
    </ClInclude>
    <ClInclude Include="include\ReTree\Turtle.h">
      <Filter>標頭檔</Filter>
    </ClInclude>
    <ClInclude Include="include\ReTree\Tree.h">
      <Filter>標頭檔</Filter>
    </ClInclude>
    <ClInclude Include="include\Core\Octree.h">
      <Filter>標頭檔</Filter>
    </ClInclude>
    <ClInclude Include="include\ReTree\PointCloudRenderer.h">
      <Filter>標頭檔</Filter>
    </ClInclude>
    <ClInclude Include="include\ReTree\TreeSkeletonRenderer.h">
      <Filter>標頭檔</Filter>
    </ClInclude>
    <ClInclude Include="include\Core\IObservable.h">
      <Filter>標頭檔</Filter>
    </ClInclude>
    <ClInclude Include="include\Core\Renderer.h">
      <Filter>標頭檔</Filter>
    </ClInclude>
    <ClInclude Include="include\Core\OctreeRenderer.h">
      <Filter>標頭檔</Filter>
    </ClInclude>
    <ClInclude Include="include\ReTree\SpaceColonizer.h">
      <Filter>標頭檔</Filter>
    </ClInclude>
    <ClInclude Include="include\Core\BoxSelector.h">
      <Filter>標頭檔</Filter>
    </ClInclude>
    <ClInclude Include="include\Core\Shape2D.h">
      <Filter>標頭檔</Filter>
    </ClInclude>
  </ItemGroup>
</Project>